
Microsoft Visual Studio Solution File, Format Version 12.00
# Visual Studio Version 16
VisualStudioVersion = 16.0.29209.62
MinimumVisualStudioVersion = 10.0.40219.1
Project("{FAE04EC0-301F-11D3-BF4B-00C04F79EFBC}") = "LMD_FINAL", "LMD_FINAL\LMD_FINAL.csproj", "{E0534B7A-71D8-4C4B-ACC6-58230591DCAB}"
EndProject
Global
	GlobalSection(SolutionConfigurationPlatforms) = preSolution
		Debug|Any CPU = Debug|Any CPU
		Release|Any CPU = Release|Any CPU
	EndGlobalSection
	GlobalSection(ProjectConfigurationPlatforms) = postSolution
		{E0534B7A-71D8-4C4B-ACC6-58230591DCAB}.Debug|Any CPU.ActiveCfg = Debug|Any CPU
		{E0534B7A-71D8-4C4B-ACC6-58230591DCAB}.Debug|Any CPU.Build.0 = Debug|Any CPU
		{E0534B7A-71D8-4C4B-ACC6-58230591DCAB}.Release|Any CPU.ActiveCfg = Release|Any CPU
		{E0534B7A-71D8-4C4B-ACC6-58230591DCAB}.Release|Any CPU.Build.0 = Release|Any CPU
	EndGlobalSection
	GlobalSection(SolutionProperties) = preSolution
		HideSolutionNode = FALSE
	EndGlobalSection
	GlobalSection(ExtensibilityGlobals) = postSolution
		SolutionGuid = {7D2F1112-32D1-4C5C-A233-8CCF19AE53B0}
	EndGlobalSection
EndGlobal
