
Microsoft Visual Studio Solution File, Format Version 12.00
# Visual Studio Version 16
VisualStudioVersion = 16.0.29209.62
MinimumVisualStudioVersion = 10.0.40219.1
Project("{FAE04EC0-301F-11D3-BF4B-00C04F79EFBC}") = "profundidade", "profundidade\profundidade.csproj", "{C75E2781-8BBC-4295-B8C1-3D6600E5D89C}"
EndProject
Global
	GlobalSection(SolutionConfigurationPlatforms) = preSolution
		Debug|Any CPU = Debug|Any CPU
		Release|Any CPU = Release|Any CPU
	EndGlobalSection
	GlobalSection(ProjectConfigurationPlatforms) = postSolution
		{C75E2781-8BBC-4295-B8C1-3D6600E5D89C}.Debug|Any CPU.ActiveCfg = Debug|Any CPU
		{C75E2781-8BBC-4295-B8C1-3D6600E5D89C}.Debug|Any CPU.Build.0 = Debug|Any CPU
		{C75E2781-8BBC-4295-B8C1-3D6600E5D89C}.Release|Any CPU.ActiveCfg = Release|Any CPU
		{C75E2781-8BBC-4295-B8C1-3D6600E5D89C}.Release|Any CPU.Build.0 = Release|Any CPU
	EndGlobalSection
	GlobalSection(SolutionProperties) = preSolution
		HideSolutionNode = FALSE
	EndGlobalSection
	GlobalSection(ExtensibilityGlobals) = postSolution
		SolutionGuid = {04AC258F-0A2B-4077-A5B1-29E7CB838B71}
	EndGlobalSection
EndGlobal
